// !$*UTF8*$!
{
	archiveVersion = 1;
	classes = {
	};
	objectVersion = 50;
	objects = {

/* Begin PBXBuildFile section */
		00EA092525B4A5F600ECB20E /* AppDelegate.swift in Sources */ = {isa = PBXBuildFile; fileRef = 00EA092425B4A5F600ECB20E /* AppDelegate.swift */; };
		00EA092725B4A5F600ECB20E /* SceneDelegate.swift in Sources */ = {isa = PBXBuildFile; fileRef = 00EA092625B4A5F600ECB20E /* SceneDelegate.swift */; };
		00EA092925B4A5F600ECB20E /* ViewController.swift in Sources */ = {isa = PBXBuildFile; fileRef = 00EA092825B4A5F600ECB20E /* ViewController.swift */; };
		00EA092C25B4A5F600ECB20E /* Main.storyboard in Resources */ = {isa = PBXBuildFile; fileRef = 00EA092A25B4A5F600ECB20E /* Main.storyboard */; };
		00EA092E25B4A5FB00ECB20E /* Assets.xcassets in Resources */ = {isa = PBXBuildFile; fileRef = 00EA092D25B4A5FB00ECB20E /* Assets.xcassets */; };
		00EA093125B4A5FB00ECB20E /* LaunchScreen.storyboard in Resources */ = {isa = PBXBuildFile; fileRef = 00EA092F25B4A5FB00ECB20E /* LaunchScreen.storyboard */; };
		00EA093C25B4A5FB00ECB20E /* PreworkTests.swift in Sources */ = {isa = PBXBuildFile; fileRef = 00EA093B25B4A5FB00ECB20E /* PreworkTests.swift */; };
		00EA094725B4A5FC00ECB20E /* PreworkUITests.swift in Sources */ = {isa = PBXBuildFile; fileRef = 00EA094625B4A5FC00ECB20E /* PreworkUITests.swift */; };
/* End PBXBuildFile section */

/* Begin PBXContainerItemProxy section */
		00EA093825B4A5FB00ECB20E /* PBXContainerItemProxy */ = {
			isa = PBXContainerItemProxy;
			containerPortal = 00EA091925B4A5F600ECB20E /* Project object */;
			proxyType = 1;
			remoteGlobalIDString = 00EA092025B4A5F600ECB20E;
			remoteInfo = Prework;
		};
		00EA094325B4A5FC00ECB20E /* PBXContainerItemProxy */ = {
			isa = PBXContainerItemProxy;
			containerPortal = 00EA091925B4A5F600ECB20E /* Project object */;
			proxyType = 1;
			remoteGlobalIDString = 00EA092025B4A5F600ECB20E;
			remoteInfo = Prework;
		};
/* End PBXContainerItemProxy section */

/* Begin PBXFileReference section */
		00EA092125B4A5F600ECB20E /* Prework.app */ = {isa = PBXFileReference; explicitFileType = wrapper.application; includeInIndex = 0; path = Prework.app; sourceTree = BUILT_PRODUCTS_DIR; };
		00EA092425B4A5F600ECB20E /* AppDelegate.swift */ = {isa = PBXFileReference; lastKnownFileType = sourcecode.swift; path = AppDelegate.swift; sourceTree = "<group>"; };
		00EA092625B4A5F600ECB20E /* SceneDelegate.swift */ = {isa = PBXFileReference; lastKnownFileType = sourcecode.swift; path = SceneDelegate.swift; sourceTree = "<group>"; };
		00EA092825B4A5F600ECB20E /* ViewController.swift */ = {isa = PBXFileReference; lastKnownFileType = sourcecode.swift; path = ViewController.swift; sourceTree = "<group>"; };
		00EA092B25B4A5F600ECB20E /* Base */ = {isa = PBXFileReference; lastKnownFileType = file.storyboard; name = Base; path = Base.lproj/Main.storyboard; sourceTree = "<group>"; };
		00EA092D25B4A5FB00ECB20E /* Assets.xcassets */ = {isa = PBXFileReference; lastKnownFileType = folder.assetcatalog; path = Assets.xcassets; sourceTree = "<group>"; };
		00EA093025B4A5FB00ECB20E /* Base */ = {isa = PBXFileReference; lastKnownFileType = file.storyboard; name = Base; path = Base.lproj/LaunchScreen.storyboard; sourceTree = "<group>"; };
		00EA093225B4A5FB00ECB20E /* Info.plist */ = {isa = PBXFileReference; lastKnownFileType = text.plist.xml; path = Info.plist; sourceTree = "<group>"; };
		00EA093725B4A5FB00ECB20E /* PreworkTests.xctest */ = {isa = PBXFileReference; explicitFileType = wrapper.cfbundle; includeInIndex = 0; path = PreworkTests.xctest; sourceTree = BUILT_PRODUCTS_DIR; };
		00EA093B25B4A5FB00ECB20E /* PreworkTests.swift */ = {isa = PBXFileReference; lastKnownFileType = sourcecode.swift; path = PreworkTests.swift; sourceTree = "<group>"; };
		00EA093D25B4A5FC00ECB20E /* Info.plist */ = {isa = PBXFileReference; lastKnownFileType = text.plist.xml; path = Info.plist; sourceTree = "<group>"; };
		00EA094225B4A5FC00ECB20E /* PreworkUITests.xctest */ = {isa = PBXFileReference; explicitFileType = wrapper.cfbundle; includeInIndex = 0; path = PreworkUITests.xctest; sourceTree = BUILT_PRODUCTS_DIR; };
		00EA094625B4A5FC00ECB20E /* PreworkUITests.swift */ = {isa = PBXFileReference; lastKnownFileType = sourcecode.swift; path = PreworkUITests.swift; sourceTree = "<group>"; };
		00EA094825B4A5FC00ECB20E /* Info.plist */ = {isa = PBXFileReference; lastKnownFileType = text.plist.xml; path = Info.plist; sourceTree = "<group>"; };
/* End PBXFileReference section */

/* Begin PBXFrameworksBuildPhase section */
		00EA091E25B4A5F600ECB20E /* Frameworks */ = {
			isa = PBXFrameworksBuildPhase;
			buildActionMask = 2147483647;
			files = (
			);
			runOnlyForDeploymentPostprocessing = 0;
		};
		00EA093425B4A5FB00ECB20E /* Frameworks */ = {
			isa = PBXFrameworksBuildPhase;
			buildActionMask = 2147483647;
			files = (
			);
			runOnlyForDeploymentPostprocessing = 0;
		};
		00EA093F25B4A5FC00ECB20E /* Frameworks */ = {
			isa = PBXFrameworksBuildPhase;
			buildActionMask = 2147483647;
			files = (
			);
			runOnlyForDeploymentPostprocessing = 0;
		};
/* End PBXFrameworksBuildPhase section */

/* Begin PBXGroup section */
		00EA091825B4A5F600ECB20E = {
			isa = PBXGroup;
			children = (
				00EA092325B4A5F600ECB20E /* Prework */,
				00EA093A25B4A5FB00ECB20E /* PreworkTests */,
				00EA094525B4A5FC00ECB20E /* PreworkUITests */,
				00EA092225B4A5F600ECB20E /* Products */,
			);
			sourceTree = "<group>";
		};
		00EA092225B4A5F600ECB20E /* Products */ = {
			isa = PBXGroup;
			children = (
				00EA092125B4A5F600ECB20E /* Prework.app */,
				00EA093725B4A5FB00ECB20E /* PreworkTests.xctest */,
				00EA094225B4A5FC00ECB20E /* PreworkUITests.xctest */,
			);
			name = Products;
			sourceTree = "<group>";
		};
		00EA092325B4A5F600ECB20E /* Prework */ = {
			isa = PBXGroup;
			children = (
				00EA092425B4A5F600ECB20E /* AppDelegate.swift */,
				00EA092625B4A5F600ECB20E /* SceneDelegate.swift */,
				00EA092825B4A5F600ECB20E /* ViewController.swift */,
				00EA092A25B4A5F600ECB20E /* Main.storyboard */,
				00EA092D25B4A5FB00ECB20E /* Assets.xcassets */,
				00EA092F25B4A5FB00ECB20E /* LaunchScreen.storyboard */,
				00EA093225B4A5FB00ECB20E /* Info.plist */,
			);
			path = Prework;
			sourceTree = "<group>";
		};
		00EA093A25B4A5FB00ECB20E /* PreworkTests */ = {
			isa = PBXGroup;
			children = (
				00EA093B25B4A5FB00ECB20E /* PreworkTests.swift */,
				00EA093D25B4A5FC00ECB20E /* Info.plist */,
			);
			path = PreworkTests;
			sourceTree = "<group>";
		};
		00EA094525B4A5FC00ECB20E /* PreworkUITests */ = {
			isa = PBXGroup;
			children = (
				00EA094625B4A5FC00ECB20E /* PreworkUITests.swift */,
				00EA094825B4A5FC00ECB20E /* Info.plist */,
			);
			path = PreworkUITests;
			sourceTree = "<group>";
		};
/* End PBXGroup section */

/* Begin PBXNativeTarget section */
		00EA092025B4A5F600ECB20E /* Prework */ = {
			isa = PBXNativeTarget;
			buildConfigurationList = 00EA094B25B4A5FC00ECB20E /* Build configuration list for PBXNativeTarget "Prework" */;
			buildPhases = (
				00EA091D25B4A5F600ECB20E /* Sources */,
				00EA091E25B4A5F600ECB20E /* Frameworks */,
				00EA091F25B4A5F600ECB20E /* Resources */,
			);
			buildRules = (
			);
			dependencies = (
			);
			name = Prework;
			productName = Prework;
			productReference = 00EA092125B4A5F600ECB20E /* Prework.app */;
			productType = "com.apple.product-type.application";
		};
		00EA093625B4A5FB00ECB20E /* PreworkTests */ = {
			isa = PBXNativeTarget;
			buildConfigurationList = 00EA094E25B4A5FC00ECB20E /* Build configuration list for PBXNativeTarget "PreworkTests" */;
			buildPhases = (
				00EA093325B4A5FB00ECB20E /* Sources */,
				00EA093425B4A5FB00ECB20E /* Frameworks */,
				00EA093525B4A5FB00ECB20E /* Resources */,
			);
			buildRules = (
			);
			dependencies = (
				00EA093925B4A5FB00ECB20E /* PBXTargetDependency */,
			);
			name = PreworkTests;
			productName = PreworkTests;
			productReference = 00EA093725B4A5FB00ECB20E /* PreworkTests.xctest */;
			productType = "com.apple.product-type.bundle.unit-test";
		};
		00EA094125B4A5FC00ECB20E /* PreworkUITests */ = {
			isa = PBXNativeTarget;
			buildConfigurationList = 00EA095125B4A5FC00ECB20E /* Build configuration list for PBXNativeTarget "PreworkUITests" */;
			buildPhases = (
				00EA093E25B4A5FC00ECB20E /* Sources */,
				00EA093F25B4A5FC00ECB20E /* Frameworks */,
				00EA094025B4A5FC00ECB20E /* Resources */,
			);
			buildRules = (
			);
			dependencies = (
				00EA094425B4A5FC00ECB20E /* PBXTargetDependency */,
			);
			name = PreworkUITests;
			productName = PreworkUITests;
			productReference = 00EA094225B4A5FC00ECB20E /* PreworkUITests.xctest */;
			productType = "com.apple.product-type.bundle.ui-testing";
		};
/* End PBXNativeTarget section */

/* Begin PBXProject section */
		00EA091925B4A5F600ECB20E /* Project object */ = {
			isa = PBXProject;
			attributes = {
				LastSwiftUpdateCheck = 1230;
				LastUpgradeCheck = 1230;
				TargetAttributes = {
					00EA092025B4A5F600ECB20E = {
						CreatedOnToolsVersion = 12.3;
					};
					00EA093625B4A5FB00ECB20E = {
						CreatedOnToolsVersion = 12.3;
						TestTargetID = 00EA092025B4A5F600ECB20E;
					};
					00EA094125B4A5FC00ECB20E = {
						CreatedOnToolsVersion = 12.3;
						TestTargetID = 00EA092025B4A5F600ECB20E;
					};
				};
			};
			buildConfigurationList = 00EA091C25B4A5F600ECB20E /* Build configuration list for PBXProject "Prework" */;
			compatibilityVersion = "Xcode 9.3";
			developmentRegion = en;
			hasScannedForEncodings = 0;
			knownRegions = (
				en,
				Base,
			);
			mainGroup = 00EA091825B4A5F600ECB20E;
			productRefGroup = 00EA092225B4A5F600ECB20E /* Products */;
			projectDirPath = "";
			projectRoot = "";
			targets = (
				00EA092025B4A5F600ECB20E /* Prework */,
				00EA093625B4A5FB00ECB20E /* PreworkTests */,
				00EA094125B4A5FC00ECB20E /* PreworkUITests */,
			);
		};
/* End PBXProject section */

/* Begin PBXResourcesBuildPhase section */
		00EA091F25B4A5F600ECB20E /* Resources */ = {
			isa = PBXResourcesBuildPhase;
			buildActionMask = 2147483647;
			files = (
				00EA093125B4A5FB00ECB20E /* LaunchScreen.storyboard in Resources */,
				00EA092E25B4A5FB00ECB20E /* Assets.xcassets in Resources */,
				00EA092C25B4A5F600ECB20E /* Main.storyboard in Resources */,
			);
			runOnlyForDeploymentPostprocessing = 0;
		};
		00EA093525B4A5FB00ECB20E /* Resources */ = {
			isa = PBXResourcesBuildPhase;
			buildActionMask = 2147483647;
			files = (
			);
			runOnlyForDeploymentPostprocessing = 0;
		};
		00EA094025B4A5FC00ECB20E /* Resources */ = {
			isa = PBXResourcesBuildPhase;
			buildActionMask = 2147483647;
			files = (
			);
			runOnlyForDeploymentPostprocessing = 0;
		};
/* End PBXResourcesBuildPhase section */

/* Begin PBXSourcesBuildPhase section */
		00EA091D25B4A5F600ECB20E /* Sources */ = {
			isa = PBXSourcesBuildPhase;
			buildActionMask = 2147483647;
			files = (
				00EA092925B4A5F600ECB20E /* ViewController.swift in Sources */,
				00EA092525B4A5F600ECB20E /* AppDelegate.swift in Sources */,
				00EA092725B4A5F600ECB20E /* SceneDelegate.swift in Sources */,
			);
			runOnlyForDeploymentPostprocessing = 0;
		};
		00EA093325B4A5FB00ECB20E /* Sources */ = {
			isa = PBXSourcesBuildPhase;
			buildActionMask = 2147483647;
			files = (
				00EA093C25B4A5FB00ECB20E /* PreworkTests.swift in Sources */,
			);
			runOnlyForDeploymentPostprocessing = 0;
		};
		00EA093E25B4A5FC00ECB20E /* Sources */ = {
			isa = PBXSourcesBuildPhase;
			buildActionMask = 2147483647;
			files = (
				00EA094725B4A5FC00ECB20E /* PreworkUITests.swift in Sources */,
			);
			runOnlyForDeploymentPostprocessing = 0;
		};
/* End PBXSourcesBuildPhase section */

/* Begin PBXTargetDependency section */
		00EA093925B4A5FB00ECB20E /* PBXTargetDependency */ = {
			isa = PBXTargetDependency;
			target = 00EA092025B4A5F600ECB20E /* Prework */;
			targetProxy = 00EA093825B4A5FB00ECB20E /* PBXContainerItemProxy */;
		};
		00EA094425B4A5FC00ECB20E /* PBXTargetDependency */ = {
			isa = PBXTargetDependency;
			target = 00EA092025B4A5F600ECB20E /* Prework */;
			targetProxy = 00EA094325B4A5FC00ECB20E /* PBXContainerItemProxy */;
		};
/* End PBXTargetDependency section */

/* Begin PBXVariantGroup section */
		00EA092A25B4A5F600ECB20E /* Main.storyboard */ = {
			isa = PBXVariantGroup;
			children = (
				00EA092B25B4A5F600ECB20E /* Base */,
			);
			name = Main.storyboard;
			sourceTree = "<group>";
		};
		00EA092F25B4A5FB00ECB20E /* LaunchScreen.storyboard */ = {
			isa = PBXVariantGroup;
			children = (
				00EA093025B4A5FB00ECB20E /* Base */,
			);
			name = LaunchScreen.storyboard;
			sourceTree = "<group>";
		};
/* End PBXVariantGroup section */

/* Begin XCBuildConfiguration section */
		00EA094925B4A5FC00ECB20E /* Debug */ = {
			isa = XCBuildConfiguration;
			buildSettings = {
				ALWAYS_SEARCH_USER_PATHS = NO;
				CLANG_ANALYZER_NONNULL = YES;
				CLANG_ANALYZER_NUMBER_OBJECT_CONVERSION = YES_AGGRESSIVE;
				CLANG_CXX_LANGUAGE_STANDARD = "gnu++14";
				CLANG_CXX_LIBRARY = "libc++";
				CLANG_ENABLE_MODULES = YES;
				CLANG_ENABLE_OBJC_ARC = YES;
				CLANG_ENABLE_OBJC_WEAK = YES;
				CLANG_WARN_BLOCK_CAPTURE_AUTORELEASING = YES;
				CLANG_WARN_BOOL_CONVERSION = YES;
				CLANG_WARN_COMMA = YES;
				CLANG_WARN_CONSTANT_CONVERSION = YES;
				CLANG_WARN_DEPRECATED_OBJC_IMPLEMENTATIONS = YES;
				CLANG_WARN_DIRECT_OBJC_ISA_USAGE = YES_ERROR;
				CLANG_WARN_DOCUMENTATION_COMMENTS = YES;
				CLANG_WARN_EMPTY_BODY = YES;
				CLANG_WARN_ENUM_CONVERSION = YES;
				CLANG_WARN_INFINITE_RECURSION = YES;
				CLANG_WARN_INT_CONVERSION = YES;
				CLANG_WARN_NON_LITERAL_NULL_CONVERSION = YES;
				CLANG_WARN_OBJC_IMPLICIT_RETAIN_SELF = YES;
				CLANG_WARN_OBJC_LITERAL_CONVERSION = YES;
				CLANG_WARN_OBJC_ROOT_CLASS = YES_ERROR;
				CLANG_WARN_QUOTED_INCLUDE_IN_FRAMEWORK_HEADER = YES;
				CLANG_WARN_RANGE_LOOP_ANALYSIS = YES;
				CLANG_WARN_STRICT_PROTOTYPES = YES;
				CLANG_WARN_SUSPICIOUS_MOVE = YES;
				CLANG_WARN_UNGUARDED_AVAILABILITY = YES_AGGRESSIVE;
				CLANG_WARN_UNREACHABLE_CODE = YES;
				CLANG_WARN__DUPLICATE_METHOD_MATCH = YES;
				COPY_PHASE_STRIP = NO;
				DEBUG_INFORMATION_FORMAT = dwarf;
				ENABLE_STRICT_OBJC_MSGSEND = YES;
				ENABLE_TESTABILITY = YES;
				GCC_C_LANGUAGE_STANDARD = gnu11;
				GCC_DYNAMIC_NO_PIC = NO;
				GCC_NO_COMMON_BLOCKS = YES;
				GCC_OPTIMIZATION_LEVEL = 0;
				GCC_PREPROCESSOR_DEFINITIONS = (
					"DEBUG=1",
					"$(inherited)",
				);
				GCC_WARN_64_TO_32_BIT_CONVERSION = YES;
				GCC_WARN_ABOUT_RETURN_TYPE = YES_ERROR;
				GCC_WARN_UNDECLARED_SELECTOR = YES;
				GCC_WARN_UNINITIALIZED_AUTOS = YES_AGGRESSIVE;
				GCC_WARN_UNUSED_FUNCTION = YES;
				GCC_WARN_UNUSED_VARIABLE = YES;
				IPHONEOS_DEPLOYMENT_TARGET = 14.3;
				MTL_ENABLE_DEBUG_INFO = INCLUDE_SOURCE;
				MTL_FAST_MATH = YES;
				ONLY_ACTIVE_ARCH = YES;
				SDKROOT = iphoneos;
				SWIFT_ACTIVE_COMPILATION_CONDITIONS = DEBUG;
				SWIFT_OPTIMIZATION_LEVEL = "-Onone";
			};
			name = Debug;
		};
		00EA094A25B4A5FC00ECB20E /* Release */ = {
			isa = XCBuildConfiguration;
			buildSettings = {
				ALWAYS_SEARCH_USER_PATHS = NO;
				CLANG_ANALYZER_NONNULL = YES;
				CLANG_ANALYZER_NUMBER_OBJECT_CONVERSION = YES_AGGRESSIVE;
				CLANG_CXX_LANGUAGE_STANDARD = "gnu++14";
				CLANG_CXX_LIBRARY = "libc++";
				CLANG_ENABLE_MODULES = YES;
				CLANG_ENABLE_OBJC_ARC = YES;
				CLANG_ENABLE_OBJC_WEAK = YES;
				CLANG_WARN_BLOCK_CAPTURE_AUTORELEASING = YES;
				CLANG_WARN_BOOL_CONVERSION = YES;
				CLANG_WARN_COMMA = YES;
				CLANG_WARN_CONSTANT_CONVERSION = YES;
				CLANG_WARN_DEPRECATED_OBJC_IMPLEMENTATIONS = YES;
				CLANG_WARN_DIRECT_OBJC_ISA_USAGE = YES_ERROR;
				CLANG_WARN_DOCUMENTATION_COMMENTS = YES;
				CLANG_WARN_EMPTY_BODY = YES;
				CLANG_WARN_ENUM_CONVERSION = YES;
				CLANG_WARN_INFINITE_RECURSION = YES;
				CLANG_WARN_INT_CONVERSION = YES;
				CLANG_WARN_NON_LITERAL_NULL_CONVERSION = YES;
				CLANG_WARN_OBJC_IMPLICIT_RETAIN_SELF = YES;
				CLANG_WARN_OBJC_LITERAL_CONVERSION = YES;
				CLANG_WARN_OBJC_ROOT_CLASS = YES_ERROR;
				CLANG_WARN_QUOTED_INCLUDE_IN_FRAMEWORK_HEADER = YES;
				CLANG_WARN_RANGE_LOOP_ANALYSIS = YES;
				CLANG_WARN_STRICT_PROTOTYPES = YES;
				CLANG_WARN_SUSPICIOUS_MOVE = YES;
				CLANG_WARN_UNGUARDED_AVAILABILITY = YES_AGGRESSIVE;
				CLANG_WARN_UNREACHABLE_CODE = YES;
				CLANG_WARN__DUPLICATE_METHOD_MATCH = YES;
				COPY_PHASE_STRIP = NO;
				DEBUG_INFORMATION_FORMAT = "dwarf-with-dsym";
				ENABLE_NS_ASSERTIONS = NO;
				ENABLE_STRICT_OBJC_MSGSEND = YES;
				GCC_C_LANGUAGE_STANDARD = gnu11;
				GCC_NO_COMMON_BLOCKS = YES;
				GCC_WARN_64_TO_32_BIT_CONVERSION = YES;
				GCC_WARN_ABOUT_RETURN_TYPE = YES_ERROR;
				GCC_WARN_UNDECLARED_SELECTOR = YES;
				GCC_WARN_UNINITIALIZED_AUTOS = YES_AGGRESSIVE;
				GCC_WARN_UNUSED_FUNCTION = YES;
				GCC_WARN_UNUSED_VARIABLE = YES;
				IPHONEOS_DEPLOYMENT_TARGET = 14.3;
				MTL_ENABLE_DEBUG_INFO = NO;
				MTL_FAST_MATH = YES;
				SDKROOT = iphoneos;
				SWIFT_COMPILATION_MODE = wholemodule;
				SWIFT_OPTIMIZATION_LEVEL = "-O";
				VALIDATE_PRODUCT = YES;
			};
			name = Release;
		};
		00EA094C25B4A5FC00ECB20E /* Debug */ = {
			isa = XCBuildConfiguration;
			buildSettings = {
				ASSETCATALOG_COMPILER_APPICON_NAME = AppIcon;
				ASSETCATALOG_COMPILER_GLOBAL_ACCENT_COLOR_NAME = AccentColor;
				CODE_SIGN_STYLE = Automatic;
				DEVELOPMENT_TEAM = KCNFT5M3ZX;
				INFOPLIST_FILE = Prework/Info.plist;
				LD_RUNPATH_SEARCH_PATHS = (
					"$(inherited)",
					"@executable_path/Frameworks",
				);
				PRODUCT_BUNDLE_IDENTIFIER = memo.com.Prework;
				PRODUCT_NAME = "$(TARGET_NAME)";
				SWIFT_VERSION = 5.0;
				TARGETED_DEVICE_FAMILY = "1,2";
			};
			name = Debug;
		};
		00EA094D25B4A5FC00ECB20E /* Release */ = {
			isa = XCBuildConfiguration;
			buildSettings = {
				ASSETCATALOG_COMPILER_APPICON_NAME = AppIcon;
				ASSETCATALOG_COMPILER_GLOBAL_ACCENT_COLOR_NAME = AccentColor;
				CODE_SIGN_STYLE = Automatic;
				DEVELOPMENT_TEAM = KCNFT5M3ZX;
				INFOPLIST_FILE = Prework/Info.plist;
				LD_RUNPATH_SEARCH_PATHS = (
					"$(inherited)",
					"@executable_path/Frameworks",
				);
				PRODUCT_BUNDLE_IDENTIFIER = memo.com.Prework;
				PRODUCT_NAME = "$(TARGET_NAME)";
				SWIFT_VERSION = 5.0;
				TARGETED_DEVICE_FAMILY = "1,2";
			};
			name = Release;
		};
		00EA094F25B4A5FC00ECB20E /* Debug */ = {
			isa = XCBuildConfiguration;
			buildSettings = {
				ALWAYS_EMBED_SWIFT_STANDARD_LIBRARIES = YES;
				BUNDLE_LOADER = "$(TEST_HOST)";
				CODE_SIGN_STYLE = Automatic;
				DEVELOPMENT_TEAM = KCNFT5M3ZX;
				INFOPLIST_FILE = PreworkTests/Info.plist;
				IPHONEOS_DEPLOYMENT_TARGET = 14.3;
				LD_RUNPATH_SEARCH_PATHS = (
					"$(inherited)",
					"@executable_path/Frameworks",
					"@loader_path/Frameworks",
				);
				PRODUCT_BUNDLE_IDENTIFIER = memo.com.PreworkTests;
				PRODUCT_NAME = "$(TARGET_NAME)";
				SWIFT_VERSION = 5.0;
				TARGETED_DEVICE_FAMILY = "1,2";
				TEST_HOST = "$(BUILT_PRODUCTS_DIR)/Prework.app/Prework";
			};
			name = Debug;
		};
		00EA095025B4A5FC00ECB20E /* Release */ = {
			isa = XCBuildConfiguration;
			buildSettings = {
				ALWAYS_EMBED_SWIFT_STANDARD_LIBRARIES = YES;
				BUNDLE_LOADER = "$(TEST_HOST)";
				CODE_SIGN_STYLE = Automatic;
				DEVELOPMENT_TEAM = KCNFT5M3ZX;
				INFOPLIST_FILE = PreworkTests/Info.plist;
				IPHONEOS_DEPLOYMENT_TARGET = 14.3;
				LD_RUNPATH_SEARCH_PATHS = (
					"$(inherited)",
					"@executable_path/Frameworks",
					"@loader_path/Frameworks",
				);
				PRODUCT_BUNDLE_IDENTIFIER = memo.com.PreworkTests;
				PRODUCT_NAME = "$(TARGET_NAME)";
				SWIFT_VERSION = 5.0;
				TARGETED_DEVICE_FAMILY = "1,2";
				TEST_HOST = "$(BUILT_PRODUCTS_DIR)/Prework.app/Prework";
			};
			name = Release;
		};
		00EA095225B4A5FC00ECB20E /* Debug */ = {
			isa = XCBuildConfiguration;
			buildSettings = {
				ALWAYS_EMBED_SWIFT_STANDARD_LIBRARIES = YES;
				CODE_SIGN_STYLE = Automatic;
				DEVELOPMENT_TEAM = KCNFT5M3ZX;
				INFOPLIST_FILE = PreworkUITests/Info.plist;
				LD_RUNPATH_SEARCH_PATHS = (
					"$(inherited)",
					"@executable_path/Frameworks",
					"@loader_path/Frameworks",
				);
				PRODUCT_BUNDLE_IDENTIFIER = memo.com.PreworkUITests;
				PRODUCT_NAME = "$(TARGET_NAME)";
				SWIFT_VERSION = 5.0;
				TARGETED_DEVICE_FAMILY = "1,2";
				TEST_TARGET_NAME = Prework;
			};
			name = Debug;
		};
		00EA095325B4A5FC00ECB20E /* Release */ = {
			isa = XCBuildConfiguration;
			buildSettings = {
				ALWAYS_EMBED_SWIFT_STANDARD_LIBRARIES = YES;
				CODE_SIGN_STYLE = Automatic;
				DEVELOPMENT_TEAM = KCNFT5M3ZX;
				INFOPLIST_FILE = PreworkUITests/Info.plist;
				LD_RUNPATH_SEARCH_PATHS = (
					"$(inherited)",
					"@executable_path/Frameworks",
					"@loader_path/Frameworks",
				);
				PRODUCT_BUNDLE_IDENTIFIER = memo.com.PreworkUITests;
				PRODUCT_NAME = "$(TARGET_NAME)";
				SWIFT_VERSION = 5.0;
				TARGETED_DEVICE_FAMILY = "1,2";
				TEST_TARGET_NAME = Prework;
			};
			name = Release;
		};
/* End XCBuildConfiguration section */

/* Begin XCConfigurationList section */
		00EA091C25B4A5F600ECB20E /* Build configuration list for PBXProject "Prework" */ = {
			isa = XCConfigurationList;
			buildConfigurations = (
				00EA094925B4A5FC00ECB20E /* Debug */,
				00EA094A25B4A5FC00ECB20E /* Release */,
			);
			defaultConfigurationIsVisible = 0;
			defaultConfigurationName = Release;
		};
		00EA094B25B4A5FC00ECB20E /* Build configuration list for PBXNativeTarget "Prework" */ = {
			isa = XCConfigurationList;
			buildConfigurations = (
				00EA094C25B4A5FC00ECB20E /* Debug */,
				00EA094D25B4A5FC00ECB20E /* Release */,
			);
			defaultConfigurationIsVisible = 0;
			defaultConfigurationName = Release;
		};
		00EA094E25B4A5FC00ECB20E /* Build configuration list for PBXNativeTarget "PreworkTests" */ = {
			isa = XCConfigurationList;
			buildConfigurations = (
				00EA094F25B4A5FC00ECB20E /* Debug */,
				00EA095025B4A5FC00ECB20E /* Release */,
			);
			defaultConfigurationIsVisible = 0;
			defaultConfigurationName = Release;
		};
		00EA095125B4A5FC00ECB20E /* Build configuration list for PBXNativeTarget "PreworkUITests" */ = {
			isa = XCConfigurationList;
			buildConfigurations = (
				00EA095225B4A5FC00ECB20E /* Debug */,
				00EA095325B4A5FC00ECB20E /* Release */,
			);
			defaultConfigurationIsVisible = 0;
			defaultConfigurationName = Release;
		};
/* End XCConfigurationList section */
	};
	rootObject = 00EA091925B4A5F600ECB20E /* Project object */;
}
